
Microsoft Visual Studio Solution File, Format Version 12.00
# Visual Studio 15
VisualStudioVersion = 15.0.27428.2037
MinimumVisualStudioVersion = 10.0.40219.1
Project("{9A19103F-16F7-4668-BE54-9A1E7A4F7556}") = "ScavengerServer", "ScavengerServer.csproj", "{463BFEE4-8064-4EC6-809F-EAC9F46466E8}"
EndProject
Global
	GlobalSection(SolutionConfigurationPlatforms) = preSolution
		Debug|Any CPU = Debug|Any CPU
		Release|Any CPU = Release|Any CPU
	EndGlobalSection
	GlobalSection(ProjectConfigurationPlatforms) = postSolution
		{463BFEE4-8064-4EC6-809F-EAC9F46466E8}.Debug|Any CPU.ActiveCfg = Debug|Any CPU
		{463BFEE4-8064-4EC6-809F-EAC9F46466E8}.Debug|Any CPU.Build.0 = Debug|Any CPU
		{463BFEE4-8064-4EC6-809F-EAC9F46466E8}.Release|Any CPU.ActiveCfg = Release|Any CPU
		{463BFEE4-8064-4EC6-809F-EAC9F46466E8}.Release|Any CPU.Build.0 = Release|Any CPU
	EndGlobalSection
	GlobalSection(SolutionProperties) = preSolution
		HideSolutionNode = FALSE
	EndGlobalSection
	GlobalSection(ExtensibilityGlobals) = postSolution
		SolutionGuid = {8C08B81E-AF64-44E0-BEE0-5A6CD43E394C}
	EndGlobalSection
EndGlobal
